
Microsoft Visual Studio Solution File, Format Version 12.00
# Visual Studio Version 17
VisualStudioVersion = 17.3.32811.315
MinimumVisualStudioVersion = 10.0.40219.1
Project("{FAE04EC0-301F-11D3-BF4B-00C04F79EFBC}") = "RidiciStruktury07", "RidiciStruktury07.csproj", "{07106829-B1DC-4712-A9FA-1D219D55203B}"
EndProject
Global
	GlobalSection(SolutionConfigurationPlatforms) = preSolution
		Debug|Any CPU = Debug|Any CPU
		Release|Any CPU = Release|Any CPU
	EndGlobalSection
	GlobalSection(ProjectConfigurationPlatforms) = postSolution
		{07106829-B1DC-4712-A9FA-1D219D55203B}.Debug|Any CPU.ActiveCfg = Debug|Any CPU
		{07106829-B1DC-4712-A9FA-1D219D55203B}.Debug|Any CPU.Build.0 = Debug|Any CPU
		{07106829-B1DC-4712-A9FA-1D219D55203B}.Release|Any CPU.ActiveCfg = Release|Any CPU
		{07106829-B1DC-4712-A9FA-1D219D55203B}.Release|Any CPU.Build.0 = Release|Any CPU
	EndGlobalSection
	GlobalSection(SolutionProperties) = preSolution
		HideSolutionNode = FALSE
	EndGlobalSection
	GlobalSection(ExtensibilityGlobals) = postSolution
		SolutionGuid = {74CEE44F-BAE7-4D3D-BBA8-0FA2BB7F1C17}
	EndGlobalSection
EndGlobal
